// !$*UTF8*$!
{
	archiveVersion = 1;
	classes = {
	};
	objectVersion = 55;
	objects = {

/* Begin PBXBuildFile section */
		DC67C1A627DF4FD60041169D /* AppDelegate.swift in Sources */ = {isa = PBXBuildFile; fileRef = DC67C1A527DF4FD60041169D /* AppDelegate.swift */; };
		DC67C1A827DF4FD60041169D /* SceneDelegate.swift in Sources */ = {isa = PBXBuildFile; fileRef = DC67C1A727DF4FD60041169D /* SceneDelegate.swift */; };
		DC67C1AA27DF4FD60041169D /* ViewController.swift in Sources */ = {isa = PBXBuildFile; fileRef = DC67C1A927DF4FD60041169D /* ViewController.swift */; };
		DC67C1AD27DF4FD60041169D /* Main.storyboard in Resources */ = {isa = PBXBuildFile; fileRef = DC67C1AB27DF4FD60041169D /* Main.storyboard */; };
		DC67C1AF27DF4FD90041169D /* Assets.xcassets in Resources */ = {isa = PBXBuildFile; fileRef = DC67C1AE27DF4FD90041169D /* Assets.xcassets */; };
		DC67C1B227DF4FD90041169D /* LaunchScreen.storyboard in Resources */ = {isa = PBXBuildFile; fileRef = DC67C1B027DF4FD90041169D /* LaunchScreen.storyboard */; };
		DC67C1C327E311CD0041169D /* FDEmptyView.swift in Sources */ = {isa = PBXBuildFile; fileRef = DC67C1C227E311CD0041169D /* FDEmptyView.swift */; };
		DC67C1C727EAC5E30041169D /* UIView+EmptyView.swift in Sources */ = {isa = PBXBuildFile; fileRef = DC67C1C627EAC5E30041169D /* UIView+EmptyView.swift */; };
/* End PBXBuildFile section */

/* Begin PBXFileReference section */
		DC67C1A227DF4FD60041169D /* FDEmptyView.app */ = {isa = PBXFileReference; explicitFileType = wrapper.application; includeInIndex = 0; path = FDEmptyView.app; sourceTree = BUILT_PRODUCTS_DIR; };
		DC67C1A527DF4FD60041169D /* AppDelegate.swift */ = {isa = PBXFileReference; lastKnownFileType = sourcecode.swift; path = AppDelegate.swift; sourceTree = "<group>"; };
		DC67C1A727DF4FD60041169D /* SceneDelegate.swift */ = {isa = PBXFileReference; lastKnownFileType = sourcecode.swift; path = SceneDelegate.swift; sourceTree = "<group>"; };
		DC67C1A927DF4FD60041169D /* ViewController.swift */ = {isa = PBXFileReference; lastKnownFileType = sourcecode.swift; path = ViewController.swift; sourceTree = "<group>"; };
		DC67C1AC27DF4FD60041169D /* Base */ = {isa = PBXFileReference; lastKnownFileType = file.storyboard; name = Base; path = Base.lproj/Main.storyboard; sourceTree = "<group>"; };
		DC67C1AE27DF4FD90041169D /* Assets.xcassets */ = {isa = PBXFileReference; lastKnownFileType = folder.assetcatalog; path = Assets.xcassets; sourceTree = "<group>"; };
		DC67C1B127DF4FD90041169D /* Base */ = {isa = PBXFileReference; lastKnownFileType = file.storyboard; name = Base; path = Base.lproj/LaunchScreen.storyboard; sourceTree = "<group>"; };
		DC67C1B327DF4FD90041169D /* Info.plist */ = {isa = PBXFileReference; lastKnownFileType = text.plist.xml; path = Info.plist; sourceTree = "<group>"; };
		DC67C1C227E311CD0041169D /* FDEmptyView.swift */ = {isa = PBXFileReference; lastKnownFileType = sourcecode.swift; path = FDEmptyView.swift; sourceTree = "<group>"; };
		DC67C1C627EAC5E30041169D /* UIView+EmptyView.swift */ = {isa = PBXFileReference; lastKnownFileType = sourcecode.swift; path = "UIView+EmptyView.swift"; sourceTree = "<group>"; };
/* End PBXFileReference section */

/* Begin PBXFrameworksBuildPhase section */
		DC67C19F27DF4FD60041169D /* Frameworks */ = {
			isa = PBXFrameworksBuildPhase;
			buildActionMask = 2147483647;
			files = (
			);
			runOnlyForDeploymentPostprocessing = 0;
		};
/* End PBXFrameworksBuildPhase section */

/* Begin PBXGroup section */
		DC67C19927DF4FD60041169D = {
			isa = PBXGroup;
			children = (
				DC67C1A427DF4FD60041169D /* FDEmptyView */,
				DC67C1A327DF4FD60041169D /* Products */,
			);
			sourceTree = "<group>";
		};
		DC67C1A327DF4FD60041169D /* Products */ = {
			isa = PBXGroup;
			children = (
				DC67C1A227DF4FD60041169D /* FDEmptyView.app */,
			);
			name = Products;
			sourceTree = "<group>";
		};
		DC67C1A427DF4FD60041169D /* FDEmptyView */ = {
			isa = PBXGroup;
			children = (
				DC67C1C127E311970041169D /* Source */,
				DC67C1A527DF4FD60041169D /* AppDelegate.swift */,
				DC67C1A727DF4FD60041169D /* SceneDelegate.swift */,
				DC67C1A927DF4FD60041169D /* ViewController.swift */,
				DC67C1AB27DF4FD60041169D /* Main.storyboard */,
				DC67C1AE27DF4FD90041169D /* Assets.xcassets */,
				DC67C1B027DF4FD90041169D /* LaunchScreen.storyboard */,
				DC67C1B327DF4FD90041169D /* Info.plist */,
			);
			path = FDEmptyView;
			sourceTree = "<group>";
		};
		DC67C1C127E311970041169D /* Source */ = {
			isa = PBXGroup;
			children = (
				DC67C1C227E311CD0041169D /* FDEmptyView.swift */,
				DC67C1C627EAC5E30041169D /* UIView+EmptyView.swift */,
			);
			path = Source;
			sourceTree = "<group>";
		};
/* End PBXGroup section */

/* Begin PBXNativeTarget section */
		DC67C1A127DF4FD60041169D /* FDEmptyView */ = {
			isa = PBXNativeTarget;
			buildConfigurationList = DC67C1B627DF4FD90041169D /* Build configuration list for PBXNativeTarget "FDEmptyView" */;
			buildPhases = (
				DC67C19E27DF4FD60041169D /* Sources */,
				DC67C19F27DF4FD60041169D /* Frameworks */,
				DC67C1A027DF4FD60041169D /* Resources */,
			);
			buildRules = (
			);
			dependencies = (
			);
			name = FDEmptyView;
			productName = FDEmptyView;
			productReference = DC67C1A227DF4FD60041169D /* FDEmptyView.app */;
			productType = "com.apple.product-type.application";
		};
/* End PBXNativeTarget section */

/* Begin PBXProject section */
		DC67C19A27DF4FD60041169D /* Project object */ = {
			isa = PBXProject;
			attributes = {
				BuildIndependentTargetsInParallel = 1;
				LastSwiftUpdateCheck = 1310;
				LastUpgradeCheck = 1310;
				TargetAttributes = {
					DC67C1A127DF4FD60041169D = {
						CreatedOnToolsVersion = 13.1;
					};
				};
			};
			buildConfigurationList = DC67C19D27DF4FD60041169D /* Build configuration list for PBXProject "FDEmptyView" */;
			compatibilityVersion = "Xcode 13.0";
			developmentRegion = en;
			hasScannedForEncodings = 0;
			knownRegions = (
				en,
				Base,
			);
			mainGroup = DC67C19927DF4FD60041169D;
			productRefGroup = DC67C1A327DF4FD60041169D /* Products */;
			projectDirPath = "";
			projectRoot = "";
			targets = (
				DC67C1A127DF4FD60041169D /* FDEmptyView */,
			);
		};
/* End PBXProject section */

/* Begin PBXResourcesBuildPhase section */
		DC67C1A027DF4FD60041169D /* Resources */ = {
			isa = PBXResourcesBuildPhase;
			buildActionMask = 2147483647;
			files = (
				DC67C1B227DF4FD90041169D /* LaunchScreen.storyboard in Resources */,
				DC67C1AF27DF4FD90041169D /* Assets.xcassets in Resources */,
				DC67C1AD27DF4FD60041169D /* Main.storyboard in Resources */,
			);
			runOnlyForDeploymentPostprocessing = 0;
		};
/* End PBXResourcesBuildPhase section */

/* Begin PBXSourcesBuildPhase section */
		DC67C19E27DF4FD60041169D /* Sources */ = {
			isa = PBXSourcesBuildPhase;
			buildActionMask = 2147483647;
			files = (
				DC67C1C727EAC5E30041169D /* UIView+EmptyView.swift in Sources */,
				DC67C1C327E311CD0041169D /* FDEmptyView.swift in Sources */,
				DC67C1AA27DF4FD60041169D /* ViewController.swift in Sources */,
				DC67C1A627DF4FD60041169D /* AppDelegate.swift in Sources */,
				DC67C1A827DF4FD60041169D /* SceneDelegate.swift in Sources */,
			);
			runOnlyForDeploymentPostprocessing = 0;
		};
/* End PBXSourcesBuildPhase section */

/* Begin PBXVariantGroup section */
		DC67C1AB27DF4FD60041169D /* Main.storyboard */ = {
			isa = PBXVariantGroup;
			children = (
				DC67C1AC27DF4FD60041169D /* Base */,
			);
			name = Main.storyboard;
			sourceTree = "<group>";
		};
		DC67C1B027DF4FD90041169D /* LaunchScreen.storyboard */ = {
			isa = PBXVariantGroup;
			children = (
				DC67C1B127DF4FD90041169D /* Base */,
			);
			name = LaunchScreen.storyboard;
			sourceTree = "<group>";
		};
/* End PBXVariantGroup section */

/* Begin XCBuildConfiguration section */
		DC67C1B427DF4FD90041169D /* Debug */ = {
			isa = XCBuildConfiguration;
			buildSettings = {
				ALWAYS_SEARCH_USER_PATHS = NO;
				CLANG_ANALYZER_NONNULL = YES;
				CLANG_ANALYZER_NUMBER_OBJECT_CONVERSION = YES_AGGRESSIVE;
				CLANG_CXX_LANGUAGE_STANDARD = "gnu++17";
				CLANG_CXX_LIBRARY = "libc++";
				CLANG_ENABLE_MODULES = YES;
				CLANG_ENABLE_OBJC_ARC = YES;
				CLANG_ENABLE_OBJC_WEAK = YES;
				CLANG_WARN_BLOCK_CAPTURE_AUTORELEASING = YES;
				CLANG_WARN_BOOL_CONVERSION = YES;
				CLANG_WARN_COMMA = YES;
				CLANG_WARN_CONSTANT_CONVERSION = YES;
				CLANG_WARN_DEPRECATED_OBJC_IMPLEMENTATIONS = YES;
				CLANG_WARN_DIRECT_OBJC_ISA_USAGE = YES_ERROR;
				CLANG_WARN_DOCUMENTATION_COMMENTS = YES;
				CLANG_WARN_EMPTY_BODY = YES;
				CLANG_WARN_ENUM_CONVERSION = YES;
				CLANG_WARN_INFINITE_RECURSION = YES;
				CLANG_WARN_INT_CONVERSION = YES;
				CLANG_WARN_NON_LITERAL_NULL_CONVERSION = YES;
				CLANG_WARN_OBJC_IMPLICIT_RETAIN_SELF = YES;
				CLANG_WARN_OBJC_LITERAL_CONVERSION = YES;
				CLANG_WARN_OBJC_ROOT_CLASS = YES_ERROR;
				CLANG_WARN_QUOTED_INCLUDE_IN_FRAMEWORK_HEADER = YES;
				CLANG_WARN_RANGE_LOOP_ANALYSIS = YES;
				CLANG_WARN_STRICT_PROTOTYPES = YES;
				CLANG_WARN_SUSPICIOUS_MOVE = YES;
				CLANG_WARN_UNGUARDED_AVAILABILITY = YES_AGGRESSIVE;
				CLANG_WARN_UNREACHABLE_CODE = YES;
				CLANG_WARN__DUPLICATE_METHOD_MATCH = YES;
				COPY_PHASE_STRIP = NO;
				DEBUG_INFORMATION_FORMAT = dwarf;
				ENABLE_STRICT_OBJC_MSGSEND = YES;
				ENABLE_TESTABILITY = YES;
				GCC_C_LANGUAGE_STANDARD = gnu11;
				GCC_DYNAMIC_NO_PIC = NO;
				GCC_NO_COMMON_BLOCKS = YES;
				GCC_OPTIMIZATION_LEVEL = 0;
				GCC_PREPROCESSOR_DEFINITIONS = (
					"DEBUG=1",
					"$(inherited)",
				);
				GCC_WARN_64_TO_32_BIT_CONVERSION = YES;
				GCC_WARN_ABOUT_RETURN_TYPE = YES_ERROR;
				GCC_WARN_UNDECLARED_SELECTOR = YES;
				GCC_WARN_UNINITIALIZED_AUTOS = YES_AGGRESSIVE;
				GCC_WARN_UNUSED_FUNCTION = YES;
				GCC_WARN_UNUSED_VARIABLE = YES;
				IPHONEOS_DEPLOYMENT_TARGET = 15.0;
				MTL_ENABLE_DEBUG_INFO = INCLUDE_SOURCE;
				MTL_FAST_MATH = YES;
				ONLY_ACTIVE_ARCH = YES;
				SDKROOT = iphoneos;
				SWIFT_ACTIVE_COMPILATION_CONDITIONS = DEBUG;
				SWIFT_OPTIMIZATION_LEVEL = "-Onone";
			};
			name = Debug;
		};
		DC67C1B527DF4FD90041169D /* Release */ = {
			isa = XCBuildConfiguration;
			buildSettings = {
				ALWAYS_SEARCH_USER_PATHS = NO;
				CLANG_ANALYZER_NONNULL = YES;
				CLANG_ANALYZER_NUMBER_OBJECT_CONVERSION = YES_AGGRESSIVE;
				CLANG_CXX_LANGUAGE_STANDARD = "gnu++17";
				CLANG_CXX_LIBRARY = "libc++";
				CLANG_ENABLE_MODULES = YES;
				CLANG_ENABLE_OBJC_ARC = YES;
				CLANG_ENABLE_OBJC_WEAK = YES;
				CLANG_WARN_BLOCK_CAPTURE_AUTORELEASING = YES;
				CLANG_WARN_BOOL_CONVERSION = YES;
				CLANG_WARN_COMMA = YES;
				CLANG_WARN_CONSTANT_CONVERSION = YES;
				CLANG_WARN_DEPRECATED_OBJC_IMPLEMENTATIONS = YES;
				CLANG_WARN_DIRECT_OBJC_ISA_USAGE = YES_ERROR;
				CLANG_WARN_DOCUMENTATION_COMMENTS = YES;
				CLANG_WARN_EMPTY_BODY = YES;
				CLANG_WARN_ENUM_CONVERSION = YES;
				CLANG_WARN_INFINITE_RECURSION = YES;
				CLANG_WARN_INT_CONVERSION = YES;
				CLANG_WARN_NON_LITERAL_NULL_CONVERSION = YES;
				CLANG_WARN_OBJC_IMPLICIT_RETAIN_SELF = YES;
				CLANG_WARN_OBJC_LITERAL_CONVERSION = YES;
				CLANG_WARN_OBJC_ROOT_CLASS = YES_ERROR;
				CLANG_WARN_QUOTED_INCLUDE_IN_FRAMEWORK_HEADER = YES;
				CLANG_WARN_RANGE_LOOP_ANALYSIS = YES;
				CLANG_WARN_STRICT_PROTOTYPES = YES;
				CLANG_WARN_SUSPICIOUS_MOVE = YES;
				CLANG_WARN_UNGUARDED_AVAILABILITY = YES_AGGRESSIVE;
				CLANG_WARN_UNREACHABLE_CODE = YES;
				CLANG_WARN__DUPLICATE_METHOD_MATCH = YES;
				COPY_PHASE_STRIP = NO;
				DEBUG_INFORMATION_FORMAT = "dwarf-with-dsym";
				ENABLE_NS_ASSERTIONS = NO;
				ENABLE_STRICT_OBJC_MSGSEND = YES;
				GCC_C_LANGUAGE_STANDARD = gnu11;
				GCC_NO_COMMON_BLOCKS = YES;
				GCC_WARN_64_TO_32_BIT_CONVERSION = YES;
				GCC_WARN_ABOUT_RETURN_TYPE = YES_ERROR;
				GCC_WARN_UNDECLARED_SELECTOR = YES;
				GCC_WARN_UNINITIALIZED_AUTOS = YES_AGGRESSIVE;
				GCC_WARN_UNUSED_FUNCTION = YES;
				GCC_WARN_UNUSED_VARIABLE = YES;
				IPHONEOS_DEPLOYMENT_TARGET = 15.0;
				MTL_ENABLE_DEBUG_INFO = NO;
				MTL_FAST_MATH = YES;
				SDKROOT = iphoneos;
				SWIFT_COMPILATION_MODE = wholemodule;
				SWIFT_OPTIMIZATION_LEVEL = "-O";
				VALIDATE_PRODUCT = YES;
			};
			name = Release;
		};
		DC67C1B727DF4FD90041169D /* Debug */ = {
			isa = XCBuildConfiguration;
			buildSettings = {
				ASSETCATALOG_COMPILER_APPICON_NAME = AppIcon;
				ASSETCATALOG_COMPILER_GLOBAL_ACCENT_COLOR_NAME = AccentColor;
				CODE_SIGN_STYLE = Automatic;
				CURRENT_PROJECT_VERSION = 1;
				DEVELOPMENT_TEAM = Y8VTSM88AY;
				GENERATE_INFOPLIST_FILE = YES;
				INFOPLIST_FILE = FDEmptyView/Info.plist;
				INFOPLIST_KEY_UIApplicationSupportsIndirectInputEvents = YES;
				INFOPLIST_KEY_UILaunchStoryboardName = LaunchScreen;
				INFOPLIST_KEY_UIMainStoryboardFile = Main;
				INFOPLIST_KEY_UISupportedInterfaceOrientations_iPad = "UIInterfaceOrientationPortrait UIInterfaceOrientationPortraitUpsideDown UIInterfaceOrientationLandscapeLeft UIInterfaceOrientationLandscapeRight";
				INFOPLIST_KEY_UISupportedInterfaceOrientations_iPhone = "UIInterfaceOrientationPortrait UIInterfaceOrientationLandscapeLeft UIInterfaceOrientationLandscapeRight";
				IPHONEOS_DEPLOYMENT_TARGET = 13.0;
				LD_RUNPATH_SEARCH_PATHS = (
					"$(inherited)",
					"@executable_path/Frameworks",
				);
				MARKETING_VERSION = 1.0;
				PRODUCT_BUNDLE_IDENTIFIER = com.dubmic.FDEmptyView;
				PRODUCT_NAME = "$(TARGET_NAME)";
				SWIFT_EMIT_LOC_STRINGS = YES;
				SWIFT_VERSION = 5.0;
				TARGETED_DEVICE_FAMILY = "1,2";
			};
			name = Debug;
		};
		DC67C1B827DF4FD90041169D /* Release */ = {
			isa = XCBuildConfiguration;
			buildSettings = {
				ASSETCATALOG_COMPILER_APPICON_NAME = AppIcon;
				ASSETCATALOG_COMPILER_GLOBAL_ACCENT_COLOR_NAME = AccentColor;
				CODE_SIGN_STYLE = Automatic;
				CURRENT_PROJECT_VERSION = 1;
				DEVELOPMENT_TEAM = Y8VTSM88AY;
				GENERATE_INFOPLIST_FILE = YES;
				INFOPLIST_FILE = FDEmptyView/Info.plist;
				INFOPLIST_KEY_UIApplicationSupportsIndirectInputEvents = YES;
				INFOPLIST_KEY_UILaunchStoryboardName = LaunchScreen;
				INFOPLIST_KEY_UIMainStoryboardFile = Main;
				INFOPLIST_KEY_UISupportedInterfaceOrientations_iPad = "UIInterfaceOrientationPortrait UIInterfaceOrientationPortraitUpsideDown UIInterfaceOrientationLandscapeLeft UIInterfaceOrientationLandscapeRight";
				INFOPLIST_KEY_UISupportedInterfaceOrientations_iPhone = "UIInterfaceOrientationPortrait UIInterfaceOrientationLandscapeLeft UIInterfaceOrientationLandscapeRight";
				IPHONEOS_DEPLOYMENT_TARGET = 13.0;
				LD_RUNPATH_SEARCH_PATHS = (
					"$(inherited)",
					"@executable_path/Frameworks",
				);
				MARKETING_VERSION = 1.0;
				PRODUCT_BUNDLE_IDENTIFIER = com.dubmic.FDEmptyView;
				PRODUCT_NAME = "$(TARGET_NAME)";
				SWIFT_EMIT_LOC_STRINGS = YES;
				SWIFT_VERSION = 5.0;
				TARGETED_DEVICE_FAMILY = "1,2";
			};
			name = Release;
		};
/* End XCBuildConfiguration section */

/* Begin XCConfigurationList section */
		DC67C19D27DF4FD60041169D /* Build configuration list for PBXProject "FDEmptyView" */ = {
			isa = XCConfigurationList;
			buildConfigurations = (
				DC67C1B427DF4FD90041169D /* Debug */,
				DC67C1B527DF4FD90041169D /* Release */,
			);
			defaultConfigurationIsVisible = 0;
			defaultConfigurationName = Release;
		};
		DC67C1B627DF4FD90041169D /* Build configuration list for PBXNativeTarget "FDEmptyView" */ = {
			isa = XCConfigurationList;
			buildConfigurations = (
				DC67C1B727DF4FD90041169D /* Debug */,
				DC67C1B827DF4FD90041169D /* Release */,
			);
			defaultConfigurationIsVisible = 0;
			defaultConfigurationName = Release;
		};
/* End XCConfigurationList section */
	};
	rootObject = DC67C19A27DF4FD60041169D /* Project object */;
}
